
Microsoft Visual Studio Solution File, Format Version 12.00
# Visual Studio Version 17
VisualStudioVersion = 17.0.32014.148
MinimumVisualStudioVersion = 10.0.40219.1
Project("{2150E333-8FDC-42A3-9474-1A3956D46DE8}") = "src", "src", "{00A95E64-6BD5-42E7-BE1E-D986C59AFE9B}"
EndProject
Project("{2150E333-8FDC-42A3-9474-1A3956D46DE8}") = "Gateway", "Gateway", "{2B792606-3D9B-4A9C-A4E7-AA762C9B9008}"
EndProject
Project("{2150E333-8FDC-42A3-9474-1A3956D46DE8}") = "Services", "Services", "{B2C1E62D-BCDE-4120-9D1C-E3D3B356C6B6}"
EndProject
Project("{2150E333-8FDC-42A3-9474-1A3956D46DE8}") = "UI", "UI", "{24C5F09C-29F4-4CA6-B6F1-2C6932EA5FCA}"
EndProject
Project("{2150E333-8FDC-42A3-9474-1A3956D46DE8}") = "Products", "Products", "{256EE173-3134-429B-A5BD-4860F6C92347}"
EndProject
Project("{FAE04EC0-301F-11D3-BF4B-00C04F79EFBC}") = "OnlineAuctionApp.ProductAPI", "src\Services\Products\OnlineAuctionApp.ProductAPI\OnlineAuctionApp.ProductAPI.csproj", "{A35ED33B-8E7D-47ED-8931-9D65B46BE072}"
EndProject
Project("{2150E333-8FDC-42A3-9474-1A3956D46DE8}") = "Orders", "Orders", "{E8E23782-4F0C-45AC-A251-9FF821B307AB}"
EndProject
Project("{2150E333-8FDC-42A3-9474-1A3956D46DE8}") = "Commons", "Commons", "{016D600F-F8FF-42FA-A92F-5D46EF7A01D2}"
EndProject
Project("{2150E333-8FDC-42A3-9474-1A3956D46DE8}") = "Auctions", "Auctions", "{B34FC735-A5AA-4A71-A53C-FE054CCC808F}"
EndProject
Global
	GlobalSection(SolutionConfigurationPlatforms) = preSolution
		Debug|Any CPU = Debug|Any CPU
		Release|Any CPU = Release|Any CPU
	EndGlobalSection
	GlobalSection(ProjectConfigurationPlatforms) = postSolution
		{A35ED33B-8E7D-47ED-8931-9D65B46BE072}.Debug|Any CPU.ActiveCfg = Debug|Any CPU
		{A35ED33B-8E7D-47ED-8931-9D65B46BE072}.Debug|Any CPU.Build.0 = Debug|Any CPU
		{A35ED33B-8E7D-47ED-8931-9D65B46BE072}.Release|Any CPU.ActiveCfg = Release|Any CPU
		{A35ED33B-8E7D-47ED-8931-9D65B46BE072}.Release|Any CPU.Build.0 = Release|Any CPU
	EndGlobalSection
	GlobalSection(SolutionProperties) = preSolution
		HideSolutionNode = FALSE
	EndGlobalSection
	GlobalSection(NestedProjects) = preSolution
		{2B792606-3D9B-4A9C-A4E7-AA762C9B9008} = {00A95E64-6BD5-42E7-BE1E-D986C59AFE9B}
		{B2C1E62D-BCDE-4120-9D1C-E3D3B356C6B6} = {00A95E64-6BD5-42E7-BE1E-D986C59AFE9B}
		{24C5F09C-29F4-4CA6-B6F1-2C6932EA5FCA} = {00A95E64-6BD5-42E7-BE1E-D986C59AFE9B}
		{256EE173-3134-429B-A5BD-4860F6C92347} = {B2C1E62D-BCDE-4120-9D1C-E3D3B356C6B6}
		{A35ED33B-8E7D-47ED-8931-9D65B46BE072} = {256EE173-3134-429B-A5BD-4860F6C92347}
		{E8E23782-4F0C-45AC-A251-9FF821B307AB} = {B2C1E62D-BCDE-4120-9D1C-E3D3B356C6B6}
		{016D600F-F8FF-42FA-A92F-5D46EF7A01D2} = {B2C1E62D-BCDE-4120-9D1C-E3D3B356C6B6}
		{B34FC735-A5AA-4A71-A53C-FE054CCC808F} = {B2C1E62D-BCDE-4120-9D1C-E3D3B356C6B6}
	EndGlobalSection
	GlobalSection(ExtensibilityGlobals) = postSolution
		SolutionGuid = {5A30B971-6C88-486F-951C-E15F9F34EAE5}
	EndGlobalSection
EndGlobal
