
Microsoft Visual Studio Solution File, Format Version 12.00
# Visual Studio Version 17
VisualStudioVersion = 17.0.32014.148
MinimumVisualStudioVersion = 10.0.40219.1
Project("{2150E333-8FDC-42A3-9474-1A3956D46DE8}") = "src", "src", "{00A95E64-6BD5-42E7-BE1E-D986C59AFE9B}"
EndProject
Project("{2150E333-8FDC-42A3-9474-1A3956D46DE8}") = "Gateway", "Gateway", "{2B792606-3D9B-4A9C-A4E7-AA762C9B9008}"
EndProject
Project("{2150E333-8FDC-42A3-9474-1A3956D46DE8}") = "Services", "Services", "{B2C1E62D-BCDE-4120-9D1C-E3D3B356C6B6}"
EndProject
Project("{2150E333-8FDC-42A3-9474-1A3956D46DE8}") = "UI", "UI", "{24C5F09C-29F4-4CA6-B6F1-2C6932EA5FCA}"
EndProject
Project("{2150E333-8FDC-42A3-9474-1A3956D46DE8}") = "Products", "Products", "{256EE173-3134-429B-A5BD-4860F6C92347}"
EndProject
Project("{9A19103F-16F7-4668-BE54-9A1E7A4F7556}") = "OnlineAuctionApp.ProductAPI", "src\Services\Products\OnlineAuctionApp.ProductAPI\OnlineAuctionApp.ProductAPI.csproj", "{A35ED33B-8E7D-47ED-8931-9D65B46BE072}"
EndProject
Project("{2150E333-8FDC-42A3-9474-1A3956D46DE8}") = "Orders", "Orders", "{E8E23782-4F0C-45AC-A251-9FF821B307AB}"
EndProject
Project("{2150E333-8FDC-42A3-9474-1A3956D46DE8}") = "Commons", "Commons", "{016D600F-F8FF-42FA-A92F-5D46EF7A01D2}"
EndProject
Project("{2150E333-8FDC-42A3-9474-1A3956D46DE8}") = "Auctions", "Auctions", "{B34FC735-A5AA-4A71-A53C-FE054CCC808F}"
EndProject
Project("{E53339B2-1760-4266-BCC7-CA923CBCF16C}") = "docker-compose", "docker-compose.dcproj", "{4A130686-0F9D-4C17-A325-F4ECB38E54E1}"
EndProject
Project("{9A19103F-16F7-4668-BE54-9A1E7A4F7556}") = "OnlineAuctionApp.AuctionAPI", "src\Services\Auctions\OnlineAuctionApp.AuctionAPI\OnlineAuctionApp.AuctionAPI.csproj", "{ED20275A-FEA0-41C2-917C-E0C502287576}"
EndProject
Project("{9A19103F-16F7-4668-BE54-9A1E7A4F7556}") = "OnlineAuctionApp.OrderAPI", "src\Services\Orders\OnlineAuctionApp.OrderAPI\OnlineAuctionApp.OrderAPI.csproj", "{7BBBECD3-B874-4E31-8B6F-3B678684EB25}"
EndProject
Project("{9A19103F-16F7-4668-BE54-9A1E7A4F7556}") = "OnlineAuctionApp.Domain", "src\Services\Orders\OnlineAuctionApp.Domain\OnlineAuctionApp.Domain.csproj", "{EED65377-3177-43D4-B827-81F75FDBEB1B}"
EndProject
Project("{9A19103F-16F7-4668-BE54-9A1E7A4F7556}") = "OnlineAuctionApp.Application", "src\Services\Orders\OnlineAuctionApp.Application\OnlineAuctionApp.Application.csproj", "{B078E2CD-8401-4F3C-906D-A3D61376CAF2}"
EndProject
Project("{9A19103F-16F7-4668-BE54-9A1E7A4F7556}") = "OnlineAuctionApp.Infrastructure", "src\Services\Orders\OnlineAuctionApp.Infrastructure\OnlineAuctionApp.Infrastructure.csproj", "{45CF7F92-138C-4F6F-832B-D93E0BA70C4E}"
EndProject
Project("{9A19103F-16F7-4668-BE54-9A1E7A4F7556}") = "OnlineAuctionApp.Core", "src\Services\Commons\OnlineAuctionApp.Core\OnlineAuctionApp.Core.csproj", "{C4ED475D-A0E4-4196-ACF7-5A50CA7B3A15}"
EndProject
Project("{9A19103F-16F7-4668-BE54-9A1E7A4F7556}") = "OnlineAuctionApp.APIGateway", "src\Gateway\OnlineAuctionApp.APIGateway\OnlineAuctionApp.APIGateway.csproj", "{53A95AA8-D3DB-4A8D-BB37-C07136CA5E9B}"
EndProject
Project("{FAE04EC0-301F-11D3-BF4B-00C04F79EFBC}") = "OnlineAuctionApp.WEBUI", "src\UI\OnlineAuctionApp.WEBUI\OnlineAuctionApp.WEBUI.csproj", "{2E67CBF9-009A-4ED7-99A6-C0C85FD1D78F}"
EndProject
Global
	GlobalSection(SolutionConfigurationPlatforms) = preSolution
		Debug|Any CPU = Debug|Any CPU
		Release|Any CPU = Release|Any CPU
	EndGlobalSection
	GlobalSection(ProjectConfigurationPlatforms) = postSolution
		{A35ED33B-8E7D-47ED-8931-9D65B46BE072}.Debug|Any CPU.ActiveCfg = Debug|Any CPU
		{A35ED33B-8E7D-47ED-8931-9D65B46BE072}.Debug|Any CPU.Build.0 = Debug|Any CPU
		{A35ED33B-8E7D-47ED-8931-9D65B46BE072}.Release|Any CPU.ActiveCfg = Release|Any CPU
		{A35ED33B-8E7D-47ED-8931-9D65B46BE072}.Release|Any CPU.Build.0 = Release|Any CPU
		{4A130686-0F9D-4C17-A325-F4ECB38E54E1}.Debug|Any CPU.ActiveCfg = Debug|Any CPU
		{4A130686-0F9D-4C17-A325-F4ECB38E54E1}.Debug|Any CPU.Build.0 = Debug|Any CPU
		{4A130686-0F9D-4C17-A325-F4ECB38E54E1}.Release|Any CPU.ActiveCfg = Release|Any CPU
		{4A130686-0F9D-4C17-A325-F4ECB38E54E1}.Release|Any CPU.Build.0 = Release|Any CPU
		{ED20275A-FEA0-41C2-917C-E0C502287576}.Debug|Any CPU.ActiveCfg = Debug|Any CPU
		{ED20275A-FEA0-41C2-917C-E0C502287576}.Debug|Any CPU.Build.0 = Debug|Any CPU
		{ED20275A-FEA0-41C2-917C-E0C502287576}.Release|Any CPU.ActiveCfg = Release|Any CPU
		{ED20275A-FEA0-41C2-917C-E0C502287576}.Release|Any CPU.Build.0 = Release|Any CPU
		{7BBBECD3-B874-4E31-8B6F-3B678684EB25}.Debug|Any CPU.ActiveCfg = Debug|Any CPU
		{7BBBECD3-B874-4E31-8B6F-3B678684EB25}.Debug|Any CPU.Build.0 = Debug|Any CPU
		{7BBBECD3-B874-4E31-8B6F-3B678684EB25}.Release|Any CPU.ActiveCfg = Release|Any CPU
		{7BBBECD3-B874-4E31-8B6F-3B678684EB25}.Release|Any CPU.Build.0 = Release|Any CPU
		{EED65377-3177-43D4-B827-81F75FDBEB1B}.Debug|Any CPU.ActiveCfg = Debug|Any CPU
		{EED65377-3177-43D4-B827-81F75FDBEB1B}.Debug|Any CPU.Build.0 = Debug|Any CPU
		{EED65377-3177-43D4-B827-81F75FDBEB1B}.Release|Any CPU.ActiveCfg = Release|Any CPU
		{EED65377-3177-43D4-B827-81F75FDBEB1B}.Release|Any CPU.Build.0 = Release|Any CPU
		{B078E2CD-8401-4F3C-906D-A3D61376CAF2}.Debug|Any CPU.ActiveCfg = Debug|Any CPU
		{B078E2CD-8401-4F3C-906D-A3D61376CAF2}.Debug|Any CPU.Build.0 = Debug|Any CPU
		{B078E2CD-8401-4F3C-906D-A3D61376CAF2}.Release|Any CPU.ActiveCfg = Release|Any CPU
		{B078E2CD-8401-4F3C-906D-A3D61376CAF2}.Release|Any CPU.Build.0 = Release|Any CPU
		{45CF7F92-138C-4F6F-832B-D93E0BA70C4E}.Debug|Any CPU.ActiveCfg = Debug|Any CPU
		{45CF7F92-138C-4F6F-832B-D93E0BA70C4E}.Debug|Any CPU.Build.0 = Debug|Any CPU
		{45CF7F92-138C-4F6F-832B-D93E0BA70C4E}.Release|Any CPU.ActiveCfg = Release|Any CPU
		{45CF7F92-138C-4F6F-832B-D93E0BA70C4E}.Release|Any CPU.Build.0 = Release|Any CPU
		{C4ED475D-A0E4-4196-ACF7-5A50CA7B3A15}.Debug|Any CPU.ActiveCfg = Debug|Any CPU
		{C4ED475D-A0E4-4196-ACF7-5A50CA7B3A15}.Debug|Any CPU.Build.0 = Debug|Any CPU
		{C4ED475D-A0E4-4196-ACF7-5A50CA7B3A15}.Release|Any CPU.ActiveCfg = Release|Any CPU
		{C4ED475D-A0E4-4196-ACF7-5A50CA7B3A15}.Release|Any CPU.Build.0 = Release|Any CPU
		{53A95AA8-D3DB-4A8D-BB37-C07136CA5E9B}.Debug|Any CPU.ActiveCfg = Debug|Any CPU
		{53A95AA8-D3DB-4A8D-BB37-C07136CA5E9B}.Debug|Any CPU.Build.0 = Debug|Any CPU
		{53A95AA8-D3DB-4A8D-BB37-C07136CA5E9B}.Release|Any CPU.ActiveCfg = Release|Any CPU
		{53A95AA8-D3DB-4A8D-BB37-C07136CA5E9B}.Release|Any CPU.Build.0 = Release|Any CPU
		{2E67CBF9-009A-4ED7-99A6-C0C85FD1D78F}.Debug|Any CPU.ActiveCfg = Debug|Any CPU
		{2E67CBF9-009A-4ED7-99A6-C0C85FD1D78F}.Debug|Any CPU.Build.0 = Debug|Any CPU
		{2E67CBF9-009A-4ED7-99A6-C0C85FD1D78F}.Release|Any CPU.ActiveCfg = Release|Any CPU
		{2E67CBF9-009A-4ED7-99A6-C0C85FD1D78F}.Release|Any CPU.Build.0 = Release|Any CPU
	EndGlobalSection
	GlobalSection(SolutionProperties) = preSolution
		HideSolutionNode = FALSE
	EndGlobalSection
	GlobalSection(NestedProjects) = preSolution
		{2B792606-3D9B-4A9C-A4E7-AA762C9B9008} = {00A95E64-6BD5-42E7-BE1E-D986C59AFE9B}
		{B2C1E62D-BCDE-4120-9D1C-E3D3B356C6B6} = {00A95E64-6BD5-42E7-BE1E-D986C59AFE9B}
		{24C5F09C-29F4-4CA6-B6F1-2C6932EA5FCA} = {00A95E64-6BD5-42E7-BE1E-D986C59AFE9B}
		{256EE173-3134-429B-A5BD-4860F6C92347} = {B2C1E62D-BCDE-4120-9D1C-E3D3B356C6B6}
		{A35ED33B-8E7D-47ED-8931-9D65B46BE072} = {256EE173-3134-429B-A5BD-4860F6C92347}
		{E8E23782-4F0C-45AC-A251-9FF821B307AB} = {B2C1E62D-BCDE-4120-9D1C-E3D3B356C6B6}
		{016D600F-F8FF-42FA-A92F-5D46EF7A01D2} = {B2C1E62D-BCDE-4120-9D1C-E3D3B356C6B6}
		{B34FC735-A5AA-4A71-A53C-FE054CCC808F} = {B2C1E62D-BCDE-4120-9D1C-E3D3B356C6B6}
		{ED20275A-FEA0-41C2-917C-E0C502287576} = {B34FC735-A5AA-4A71-A53C-FE054CCC808F}
		{7BBBECD3-B874-4E31-8B6F-3B678684EB25} = {E8E23782-4F0C-45AC-A251-9FF821B307AB}
		{EED65377-3177-43D4-B827-81F75FDBEB1B} = {E8E23782-4F0C-45AC-A251-9FF821B307AB}
		{B078E2CD-8401-4F3C-906D-A3D61376CAF2} = {E8E23782-4F0C-45AC-A251-9FF821B307AB}
		{45CF7F92-138C-4F6F-832B-D93E0BA70C4E} = {E8E23782-4F0C-45AC-A251-9FF821B307AB}
		{C4ED475D-A0E4-4196-ACF7-5A50CA7B3A15} = {016D600F-F8FF-42FA-A92F-5D46EF7A01D2}
		{53A95AA8-D3DB-4A8D-BB37-C07136CA5E9B} = {2B792606-3D9B-4A9C-A4E7-AA762C9B9008}
		{2E67CBF9-009A-4ED7-99A6-C0C85FD1D78F} = {24C5F09C-29F4-4CA6-B6F1-2C6932EA5FCA}
	EndGlobalSection
	GlobalSection(ExtensibilityGlobals) = postSolution
		SolutionGuid = {5A30B971-6C88-486F-951C-E15F9F34EAE5}
	EndGlobalSection
EndGlobal
